
Microsoft Visual Studio Solution File, Format Version 12.00
# Visual Studio Version 17
VisualStudioVersion = 17.10.35013.160
MinimumVisualStudioVersion = 10.0.40219.1
Project("{FAE04EC0-301F-11D3-BF4B-00C04F79EFBC}") = "20240716_day7_consoleproject", "20240716_day7_consoleproject.csproj", "{88367297-550E-4D4B-92FA-AA95CA914F6B}"
EndProject
Global
	GlobalSection(SolutionConfigurationPlatforms) = preSolution
		Debug|Any CPU = Debug|Any CPU
		Release|Any CPU = Release|Any CPU
	EndGlobalSection
	GlobalSection(ProjectConfigurationPlatforms) = postSolution
		{88367297-550E-4D4B-92FA-AA95CA914F6B}.Debug|Any CPU.ActiveCfg = Debug|Any CPU
		{88367297-550E-4D4B-92FA-AA95CA914F6B}.Debug|Any CPU.Build.0 = Debug|Any CPU
		{88367297-550E-4D4B-92FA-AA95CA914F6B}.Release|Any CPU.ActiveCfg = Release|Any CPU
		{88367297-550E-4D4B-92FA-AA95CA914F6B}.Release|Any CPU.Build.0 = Release|Any CPU
	EndGlobalSection
	GlobalSection(SolutionProperties) = preSolution
		HideSolutionNode = FALSE
	EndGlobalSection
	GlobalSection(ExtensibilityGlobals) = postSolution
		SolutionGuid = {C05EBD38-3C9F-4FA1-9A02-E50D7ECF4546}
	EndGlobalSection
EndGlobal
