
Microsoft Visual Studio Solution File, Format Version 12.00
# Visual Studio Version 17
VisualStudioVersion = 17.10.35013.160
MinimumVisualStudioVersion = 10.0.40219.1
Project("{FAE04EC0-301F-11D3-BF4B-00C04F79EFBC}") = "20240722_OOPandCLASS", "20240722_OOPandCLASS.csproj", "{D71DA5FE-FA53-4240-A53C-474158CFB78D}"
EndProject
Global
	GlobalSection(SolutionConfigurationPlatforms) = preSolution
		Debug|Any CPU = Debug|Any CPU
		Release|Any CPU = Release|Any CPU
	EndGlobalSection
	GlobalSection(ProjectConfigurationPlatforms) = postSolution
		{D71DA5FE-FA53-4240-A53C-474158CFB78D}.Debug|Any CPU.ActiveCfg = Debug|Any CPU
		{D71DA5FE-FA53-4240-A53C-474158CFB78D}.Debug|Any CPU.Build.0 = Debug|Any CPU
		{D71DA5FE-FA53-4240-A53C-474158CFB78D}.Release|Any CPU.ActiveCfg = Release|Any CPU
		{D71DA5FE-FA53-4240-A53C-474158CFB78D}.Release|Any CPU.Build.0 = Release|Any CPU
	EndGlobalSection
	GlobalSection(SolutionProperties) = preSolution
		HideSolutionNode = FALSE
	EndGlobalSection
	GlobalSection(ExtensibilityGlobals) = postSolution
		SolutionGuid = {BF0FCE27-A303-46D5-B265-8F382BEF0343}
	EndGlobalSection
EndGlobal
